
Microsoft Visual Studio Solution File, Format Version 12.00
# Visual Studio Version 16
VisualStudioVersion = 16.0.29306.81
MinimumVisualStudioVersion = 10.0.40219.1
Project("{FAE04EC0-301F-11D3-BF4B-00C04F79EFBC}") = "Validando Datos", "Validando Datos\Validando Datos.csproj", "{7E69F0AE-3929-49B9-A14A-F636965037F3}"
EndProject
Global
	GlobalSection(SolutionConfigurationPlatforms) = preSolution
		Debug|Any CPU = Debug|Any CPU
		Release|Any CPU = Release|Any CPU
	EndGlobalSection
	GlobalSection(ProjectConfigurationPlatforms) = postSolution
		{7E69F0AE-3929-49B9-A14A-F636965037F3}.Debug|Any CPU.ActiveCfg = Debug|Any CPU
		{7E69F0AE-3929-49B9-A14A-F636965037F3}.Debug|Any CPU.Build.0 = Debug|Any CPU
		{7E69F0AE-3929-49B9-A14A-F636965037F3}.Release|Any CPU.ActiveCfg = Release|Any CPU
		{7E69F0AE-3929-49B9-A14A-F636965037F3}.Release|Any CPU.Build.0 = Release|Any CPU
	EndGlobalSection
	GlobalSection(SolutionProperties) = preSolution
		HideSolutionNode = FALSE
	EndGlobalSection
	GlobalSection(ExtensibilityGlobals) = postSolution
		SolutionGuid = {6CEBDC1A-469A-46B0-82D1-6E0F3A4D03FD}
	EndGlobalSection
EndGlobal
